
Microsoft Visual Studio Solution File, Format Version 11.00
# Visual C# Express 2010
Project("{FAE04EC0-301F-11D3-BF4B-00C04F79EFBC}") = "WPFOthello", "WPFOthello\WPFOthello.csproj", "{9AED697C-5F7F-4283-A8E4-CD6BBE9833C2}"
EndProject
Project("{FAE04EC0-301F-11D3-BF4B-00C04F79EFBC}") = "WPFOthello.GameEngine", "WPFOthello.GameEngine\WPFOthello.GameEngine.csproj", "{3134DECA-318D-4972-9C5E-43B63BCB7120}"
EndProject
Project("{FAE04EC0-301F-11D3-BF4B-00C04F79EFBC}") = "WPFOthello.GameEngine.Tests", "WPFOthello.GameEngine.Tests\WPFOthello.GameEngine.Tests.csproj", "{34C32FFE-58EE-47DB-AADE-4F30CA620C65}"
EndProject
Global
	GlobalSection(SolutionConfigurationPlatforms) = preSolution
		Debug|Any CPU = Debug|Any CPU
		Debug|Mixed Platforms = Debug|Mixed Platforms
		Debug|x86 = Debug|x86
		Release|Any CPU = Release|Any CPU
		Release|Mixed Platforms = Release|Mixed Platforms
		Release|x86 = Release|x86
	EndGlobalSection
	GlobalSection(ProjectConfigurationPlatforms) = postSolution
		{9AED697C-5F7F-4283-A8E4-CD6BBE9833C2}.Debug|Any CPU.ActiveCfg = Debug|x86
		{9AED697C-5F7F-4283-A8E4-CD6BBE9833C2}.Debug|Mixed Platforms.ActiveCfg = Debug|x86
		{9AED697C-5F7F-4283-A8E4-CD6BBE9833C2}.Debug|Mixed Platforms.Build.0 = Debug|x86
		{9AED697C-5F7F-4283-A8E4-CD6BBE9833C2}.Debug|x86.ActiveCfg = Debug|x86
		{9AED697C-5F7F-4283-A8E4-CD6BBE9833C2}.Debug|x86.Build.0 = Debug|x86
		{9AED697C-5F7F-4283-A8E4-CD6BBE9833C2}.Release|Any CPU.ActiveCfg = Release|x86
		{9AED697C-5F7F-4283-A8E4-CD6BBE9833C2}.Release|Mixed Platforms.ActiveCfg = Release|x86
		{9AED697C-5F7F-4283-A8E4-CD6BBE9833C2}.Release|Mixed Platforms.Build.0 = Release|x86
		{9AED697C-5F7F-4283-A8E4-CD6BBE9833C2}.Release|x86.ActiveCfg = Release|x86
		{9AED697C-5F7F-4283-A8E4-CD6BBE9833C2}.Release|x86.Build.0 = Release|x86
		{3134DECA-318D-4972-9C5E-43B63BCB7120}.Debug|Any CPU.ActiveCfg = Debug|Any CPU
		{3134DECA-318D-4972-9C5E-43B63BCB7120}.Debug|Any CPU.Build.0 = Debug|Any CPU
		{3134DECA-318D-4972-9C5E-43B63BCB7120}.Debug|Mixed Platforms.ActiveCfg = Debug|Any CPU
		{3134DECA-318D-4972-9C5E-43B63BCB7120}.Debug|Mixed Platforms.Build.0 = Debug|Any CPU
		{3134DECA-318D-4972-9C5E-43B63BCB7120}.Debug|x86.ActiveCfg = Debug|Any CPU
		{3134DECA-318D-4972-9C5E-43B63BCB7120}.Release|Any CPU.ActiveCfg = Release|Any CPU
		{3134DECA-318D-4972-9C5E-43B63BCB7120}.Release|Any CPU.Build.0 = Release|Any CPU
		{3134DECA-318D-4972-9C5E-43B63BCB7120}.Release|Mixed Platforms.ActiveCfg = Release|Any CPU
		{3134DECA-318D-4972-9C5E-43B63BCB7120}.Release|Mixed Platforms.Build.0 = Release|Any CPU
		{3134DECA-318D-4972-9C5E-43B63BCB7120}.Release|x86.ActiveCfg = Release|Any CPU
		{34C32FFE-58EE-47DB-AADE-4F30CA620C65}.Debug|Any CPU.ActiveCfg = Debug|Any CPU
		{34C32FFE-58EE-47DB-AADE-4F30CA620C65}.Debug|Any CPU.Build.0 = Debug|Any CPU
		{34C32FFE-58EE-47DB-AADE-4F30CA620C65}.Debug|Mixed Platforms.ActiveCfg = Debug|Any CPU
		{34C32FFE-58EE-47DB-AADE-4F30CA620C65}.Debug|Mixed Platforms.Build.0 = Debug|Any CPU
		{34C32FFE-58EE-47DB-AADE-4F30CA620C65}.Debug|x86.ActiveCfg = Debug|Any CPU
		{34C32FFE-58EE-47DB-AADE-4F30CA620C65}.Release|Any CPU.ActiveCfg = Release|Any CPU
		{34C32FFE-58EE-47DB-AADE-4F30CA620C65}.Release|Any CPU.Build.0 = Release|Any CPU
		{34C32FFE-58EE-47DB-AADE-4F30CA620C65}.Release|Mixed Platforms.ActiveCfg = Release|Any CPU
		{34C32FFE-58EE-47DB-AADE-4F30CA620C65}.Release|Mixed Platforms.Build.0 = Release|Any CPU
		{34C32FFE-58EE-47DB-AADE-4F30CA620C65}.Release|x86.ActiveCfg = Release|Any CPU
	EndGlobalSection
	GlobalSection(SolutionProperties) = preSolution
		HideSolutionNode = FALSE
	EndGlobalSection
EndGlobal
